
Microsoft Visual Studio Solution File, Format Version 12.00
# Visual Studio Version 17
VisualStudioVersion = 17.7.34031.279
MinimumVisualStudioVersion = 10.0.40219.1
Project("{9A19103F-16F7-4668-BE54-9A1E7A4F7556}") = "Gazi.HelloWorldAPP", "Gazi.HelloWorldAPP\Gazi.HelloWorldAPP.csproj", "{F7B47BF4-8832-4F96-BAC7-3441B02FF622}"
EndProject
Project("{9A19103F-16F7-4668-BE54-9A1E7A4F7556}") = "Gazi.KararYapilariApp", "..\..\..\..\..\..\source\repos\Gazi.HelloWorldApp\Gazi.KararYapilariApp\Gazi.KararYapilariApp.csproj", "{26F50A7C-3DF4-4C90-8707-51E99A24E0F6}"
EndProject
Project("{9A19103F-16F7-4668-BE54-9A1E7A4F7556}") = "Gazi.DongulerApp", "Gazi.DongulerApp\Gazi.DongulerApp.csproj", "{B6359651-E329-4EC1-A913-EEB68CB2E2EB}"
EndProject
Project("{FAE04EC0-301F-11D3-BF4B-00C04F79EFBC}") = "Gazi.DizilerApp", "Gazi.DizilerApp\Gazi.DizilerApp.csproj", "{525B5F6B-D337-4769-847B-F8580F8C8B58}"
EndProject
Global
	GlobalSection(SolutionConfigurationPlatforms) = preSolution
		Debug|Any CPU = Debug|Any CPU
		Release|Any CPU = Release|Any CPU
	EndGlobalSection
	GlobalSection(ProjectConfigurationPlatforms) = postSolution
		{F7B47BF4-8832-4F96-BAC7-3441B02FF622}.Debug|Any CPU.ActiveCfg = Debug|Any CPU
		{F7B47BF4-8832-4F96-BAC7-3441B02FF622}.Debug|Any CPU.Build.0 = Debug|Any CPU
		{F7B47BF4-8832-4F96-BAC7-3441B02FF622}.Release|Any CPU.ActiveCfg = Release|Any CPU
		{F7B47BF4-8832-4F96-BAC7-3441B02FF622}.Release|Any CPU.Build.0 = Release|Any CPU
		{26F50A7C-3DF4-4C90-8707-51E99A24E0F6}.Debug|Any CPU.ActiveCfg = Debug|Any CPU
		{26F50A7C-3DF4-4C90-8707-51E99A24E0F6}.Debug|Any CPU.Build.0 = Debug|Any CPU
		{26F50A7C-3DF4-4C90-8707-51E99A24E0F6}.Release|Any CPU.ActiveCfg = Release|Any CPU
		{26F50A7C-3DF4-4C90-8707-51E99A24E0F6}.Release|Any CPU.Build.0 = Release|Any CPU
		{B6359651-E329-4EC1-A913-EEB68CB2E2EB}.Debug|Any CPU.ActiveCfg = Debug|Any CPU
		{B6359651-E329-4EC1-A913-EEB68CB2E2EB}.Debug|Any CPU.Build.0 = Debug|Any CPU
		{B6359651-E329-4EC1-A913-EEB68CB2E2EB}.Release|Any CPU.ActiveCfg = Release|Any CPU
		{B6359651-E329-4EC1-A913-EEB68CB2E2EB}.Release|Any CPU.Build.0 = Release|Any CPU
		{525B5F6B-D337-4769-847B-F8580F8C8B58}.Debug|Any CPU.ActiveCfg = Debug|Any CPU
		{525B5F6B-D337-4769-847B-F8580F8C8B58}.Debug|Any CPU.Build.0 = Debug|Any CPU
		{525B5F6B-D337-4769-847B-F8580F8C8B58}.Release|Any CPU.ActiveCfg = Release|Any CPU
		{525B5F6B-D337-4769-847B-F8580F8C8B58}.Release|Any CPU.Build.0 = Release|Any CPU
	EndGlobalSection
	GlobalSection(SolutionProperties) = preSolution
		HideSolutionNode = FALSE
	EndGlobalSection
	GlobalSection(ExtensibilityGlobals) = postSolution
		SolutionGuid = {136917D3-E276-4988-AFC0-59FF031D6194}
	EndGlobalSection
EndGlobal
